// !$*UTF8*$!
{
	archiveVersion = 1;
	classes = {
	};
	objectVersion = 46;
	objects = {

/* Begin PBXBuildFile section */
		8A47CFB41CFC794B00BDFC58 /* CloudKit.framework in Frameworks */ = {isa = PBXBuildFile; fileRef = 8A47CFB31CFC794B00BDFC58 /* CloudKit.framework */; };
		8A72F8891CEF355E00CF50F7 /* TodayFileManager.m in Sources */ = {isa = PBXBuildFile; fileRef = 8A72F8881CEF355E00CF50F7 /* TodayFileManager.m */; };
		8A7DEC751CEE822C00483C48 /* FileManager.m in Sources */ = {isa = PBXBuildFile; fileRef = 8A7DEC741CEE822C00483C48 /* FileManager.m */; };
		8A92F3441CEBDF4200F91EE0 /* main.m in Sources */ = {isa = PBXBuildFile; fileRef = 8A92F3431CEBDF4200F91EE0 /* main.m */; };
		8A92F3471CEBDF4200F91EE0 /* AppDelegate.m in Sources */ = {isa = PBXBuildFile; fileRef = 8A92F3461CEBDF4200F91EE0 /* AppDelegate.m */; };
		8A92F34A1CEBDF4200F91EE0 /* ViewController.m in Sources */ = {isa = PBXBuildFile; fileRef = 8A92F3491CEBDF4200F91EE0 /* ViewController.m */; };
		8A92F34D1CEBDF4200F91EE0 /* Main.storyboard in Resources */ = {isa = PBXBuildFile; fileRef = 8A92F34B1CEBDF4200F91EE0 /* Main.storyboard */; };
		8A92F34F1CEBDF4200F91EE0 /* Assets.xcassets in Resources */ = {isa = PBXBuildFile; fileRef = 8A92F34E1CEBDF4200F91EE0 /* Assets.xcassets */; };
		8A92F3521CEBDF4200F91EE0 /* LaunchScreen.storyboard in Resources */ = {isa = PBXBuildFile; fileRef = 8A92F3501CEBDF4200F91EE0 /* LaunchScreen.storyboard */; };
		8A92F3601CEBECCD00F91EE0 /* NotificationCenter.framework in Frameworks */ = {isa = PBXBuildFile; fileRef = 8A92F35F1CEBECCD00F91EE0 /* NotificationCenter.framework */; };
		8A92F3641CEBECCD00F91EE0 /* TodayViewController.m in Sources */ = {isa = PBXBuildFile; fileRef = 8A92F3631CEBECCD00F91EE0 /* TodayViewController.m */; };
		8A92F3671CEBECCD00F91EE0 /* MainInterface.storyboard in Resources */ = {isa = PBXBuildFile; fileRef = 8A92F3651CEBECCD00F91EE0 /* MainInterface.storyboard */; };
		8A92F36B1CEBECCD00F91EE0 /* QADemoTodayExtension.appex in Embed App Extensions */ = {isa = PBXBuildFile; fileRef = 8A92F35D1CEBECCD00F91EE0 /* QADemoTodayExtension.appex */; settings = {ATTRIBUTES = (RemoveHeadersOnCopy, ); }; };
		8ABA1C381CEBFD97001517FA /* memo.plist in Resources */ = {isa = PBXBuildFile; fileRef = 8ABA1C371CEBFD97001517FA /* memo.plist */; };
		8ABA1C3D1CED389F001517FA /* MemoListTableViewCell.m in Sources */ = {isa = PBXBuildFile; fileRef = 8ABA1C3C1CED389F001517FA /* MemoListTableViewCell.m */; };
		8ABA1C441CED5664001517FA /* RPFloatingPlaceholderTextField.m in Sources */ = {isa = PBXBuildFile; fileRef = 8ABA1C411CED5664001517FA /* RPFloatingPlaceholderTextField.m */; };
		8ABA1C451CED5664001517FA /* RPFloatingPlaceholderTextView.m in Sources */ = {isa = PBXBuildFile; fileRef = 8ABA1C431CED5664001517FA /* RPFloatingPlaceholderTextView.m */; };
		8ABA1C4E1CED59D4001517FA /* MemoEditOrAddViewController.m in Sources */ = {isa = PBXBuildFile; fileRef = 8ABA1C4D1CED59D4001517FA /* MemoEditOrAddViewController.m */; };
		C7D134DFF95B68A98512A0B0 /* libPods-QAMemo.a in Frameworks */ = {isa = PBXBuildFile; fileRef = 9316517C8CC5F8032EB14B25 /* libPods-QAMemo.a */; };
		CA64662996DA41AFCCD37511 /* libPods-QADemoTodayExtension.a in Frameworks */ = {isa = PBXBuildFile; fileRef = 4295815CBD247EC03C5FB173 /* libPods-QADemoTodayExtension.a */; };
/* End PBXBuildFile section */

/* Begin PBXContainerItemProxy section */
		8A92F3691CEBECCD00F91EE0 /* PBXContainerItemProxy */ = {
			isa = PBXContainerItemProxy;
			containerPortal = 8A92F3371CEBDF4200F91EE0 /* Project object */;
			proxyType = 1;
			remoteGlobalIDString = 8A92F35C1CEBECCD00F91EE0;
			remoteInfo = QADemoTodayExtension;
		};
/* End PBXContainerItemProxy section */

/* Begin PBXCopyFilesBuildPhase section */
		8A92F36F1CEBECCE00F91EE0 /* Embed App Extensions */ = {
			isa = PBXCopyFilesBuildPhase;
			buildActionMask = 2147483647;
			dstPath = "";
			dstSubfolderSpec = 13;
			files = (
				8A92F36B1CEBECCD00F91EE0 /* QADemoTodayExtension.appex in Embed App Extensions */,
			);
			name = "Embed App Extensions";
			runOnlyForDeploymentPostprocessing = 0;
		};
/* End PBXCopyFilesBuildPhase section */

/* Begin PBXFileReference section */
		052FE5563581C8D7787DFAE7 /* Pods-QAMemo.debug.xcconfig */ = {isa = PBXFileReference; includeInIndex = 1; lastKnownFileType = text.xcconfig; name = "Pods-QAMemo.debug.xcconfig"; path = "Pods/Target Support Files/Pods-QAMemo/Pods-QAMemo.debug.xcconfig"; sourceTree = "<group>"; };
		4295815CBD247EC03C5FB173 /* libPods-QADemoTodayExtension.a */ = {isa = PBXFileReference; explicitFileType = archive.ar; includeInIndex = 0; path = "libPods-QADemoTodayExtension.a"; sourceTree = BUILT_PRODUCTS_DIR; };
		68FF27840401497E700F41DA /* Pods-QADemoTodayExtension.release.xcconfig */ = {isa = PBXFileReference; includeInIndex = 1; lastKnownFileType = text.xcconfig; name = "Pods-QADemoTodayExtension.release.xcconfig"; path = "Pods/Target Support Files/Pods-QADemoTodayExtension/Pods-QADemoTodayExtension.release.xcconfig"; sourceTree = "<group>"; };
		74111108C078C84CC47CB746 /* Pods-QADemoTodayExtension.debug.xcconfig */ = {isa = PBXFileReference; includeInIndex = 1; lastKnownFileType = text.xcconfig; name = "Pods-QADemoTodayExtension.debug.xcconfig"; path = "Pods/Target Support Files/Pods-QADemoTodayExtension/Pods-QADemoTodayExtension.debug.xcconfig"; sourceTree = "<group>"; };
		744771557799CB7805ABBBDA /* Pods-QAMemo.release.xcconfig */ = {isa = PBXFileReference; includeInIndex = 1; lastKnownFileType = text.xcconfig; name = "Pods-QAMemo.release.xcconfig"; path = "Pods/Target Support Files/Pods-QAMemo/Pods-QAMemo.release.xcconfig"; sourceTree = "<group>"; };
		8A47CFB21CFC78EF00BDFC58 /* QAMemo.entitlements */ = {isa = PBXFileReference; lastKnownFileType = text.xml; path = QAMemo.entitlements; sourceTree = "<group>"; };
		8A47CFB31CFC794B00BDFC58 /* CloudKit.framework */ = {isa = PBXFileReference; lastKnownFileType = wrapper.framework; name = CloudKit.framework; path = System/Library/Frameworks/CloudKit.framework; sourceTree = SDKROOT; };
		8A72F8871CEF355E00CF50F7 /* TodayFileManager.h */ = {isa = PBXFileReference; fileEncoding = 4; lastKnownFileType = sourcecode.c.h; path = TodayFileManager.h; sourceTree = "<group>"; };
		8A72F8881CEF355E00CF50F7 /* TodayFileManager.m */ = {isa = PBXFileReference; fileEncoding = 4; lastKnownFileType = sourcecode.c.objc; path = TodayFileManager.m; sourceTree = "<group>"; };
		8A7DEC731CEE822C00483C48 /* FileManager.h */ = {isa = PBXFileReference; fileEncoding = 4; lastKnownFileType = sourcecode.c.h; path = FileManager.h; sourceTree = "<group>"; };
		8A7DEC741CEE822C00483C48 /* FileManager.m */ = {isa = PBXFileReference; fileEncoding = 4; lastKnownFileType = sourcecode.c.objc; path = FileManager.m; sourceTree = "<group>"; };
		8A92F33F1CEBDF4200F91EE0 /* QAMemo.app */ = {isa = PBXFileReference; explicitFileType = wrapper.application; includeInIndex = 0; path = QAMemo.app; sourceTree = BUILT_PRODUCTS_DIR; };
		8A92F3431CEBDF4200F91EE0 /* main.m */ = {isa = PBXFileReference; lastKnownFileType = sourcecode.c.objc; path = main.m; sourceTree = "<group>"; };
		8A92F3451CEBDF4200F91EE0 /* AppDelegate.h */ = {isa = PBXFileReference; lastKnownFileType = sourcecode.c.h; path = AppDelegate.h; sourceTree = "<group>"; };
		8A92F3461CEBDF4200F91EE0 /* AppDelegate.m */ = {isa = PBXFileReference; lastKnownFileType = sourcecode.c.objc; path = AppDelegate.m; sourceTree = "<group>"; };
		8A92F3481CEBDF4200F91EE0 /* ViewController.h */ = {isa = PBXFileReference; lastKnownFileType = sourcecode.c.h; path = ViewController.h; sourceTree = "<group>"; };
		8A92F3491CEBDF4200F91EE0 /* ViewController.m */ = {isa = PBXFileReference; lastKnownFileType = sourcecode.c.objc; path = ViewController.m; sourceTree = "<group>"; };
		8A92F34C1CEBDF4200F91EE0 /* Base */ = {isa = PBXFileReference; lastKnownFileType = file.storyboard; name = Base; path = Base.lproj/Main.storyboard; sourceTree = "<group>"; };
		8A92F34E1CEBDF4200F91EE0 /* Assets.xcassets */ = {isa = PBXFileReference; lastKnownFileType = folder.assetcatalog; path = Assets.xcassets; sourceTree = "<group>"; };
		8A92F3511CEBDF4200F91EE0 /* Base */ = {isa = PBXFileReference; lastKnownFileType = file.storyboard; name = Base; path = Base.lproj/LaunchScreen.storyboard; sourceTree = "<group>"; };
		8A92F3531CEBDF4200F91EE0 /* Info.plist */ = {isa = PBXFileReference; lastKnownFileType = text.plist.xml; path = Info.plist; sourceTree = "<group>"; };
		8A92F35D1CEBECCD00F91EE0 /* QADemoTodayExtension.appex */ = {isa = PBXFileReference; explicitFileType = "wrapper.app-extension"; includeInIndex = 0; path = QADemoTodayExtension.appex; sourceTree = BUILT_PRODUCTS_DIR; };
		8A92F35F1CEBECCD00F91EE0 /* NotificationCenter.framework */ = {isa = PBXFileReference; lastKnownFileType = wrapper.framework; name = NotificationCenter.framework; path = System/Library/Frameworks/NotificationCenter.framework; sourceTree = SDKROOT; };
		8A92F3621CEBECCD00F91EE0 /* TodayViewController.h */ = {isa = PBXFileReference; lastKnownFileType = sourcecode.c.h; path = TodayViewController.h; sourceTree = "<group>"; };
		8A92F3631CEBECCD00F91EE0 /* TodayViewController.m */ = {isa = PBXFileReference; lastKnownFileType = sourcecode.c.objc; path = TodayViewController.m; sourceTree = "<group>"; };
		8A92F3661CEBECCD00F91EE0 /* Base */ = {isa = PBXFileReference; lastKnownFileType = file.storyboard; name = Base; path = Base.lproj/MainInterface.storyboard; sourceTree = "<group>"; };
		8A92F3681CEBECCD00F91EE0 /* Info.plist */ = {isa = PBXFileReference; lastKnownFileType = text.plist.xml; path = Info.plist; sourceTree = "<group>"; };
		8ABA1C371CEBFD97001517FA /* memo.plist */ = {isa = PBXFileReference; fileEncoding = 4; lastKnownFileType = text.plist.xml; path = memo.plist; sourceTree = "<group>"; };
		8ABA1C3B1CED389F001517FA /* MemoListTableViewCell.h */ = {isa = PBXFileReference; fileEncoding = 4; lastKnownFileType = sourcecode.c.h; path = MemoListTableViewCell.h; sourceTree = "<group>"; };
		8ABA1C3C1CED389F001517FA /* MemoListTableViewCell.m */ = {isa = PBXFileReference; fileEncoding = 4; lastKnownFileType = sourcecode.c.objc; path = MemoListTableViewCell.m; sourceTree = "<group>"; };
		8ABA1C3F1CED5664001517FA /* RPFloatingPlaceholderConstants.h */ = {isa = PBXFileReference; fileEncoding = 4; lastKnownFileType = sourcecode.c.h; path = RPFloatingPlaceholderConstants.h; sourceTree = "<group>"; };
		8ABA1C401CED5664001517FA /* RPFloatingPlaceholderTextField.h */ = {isa = PBXFileReference; fileEncoding = 4; lastKnownFileType = sourcecode.c.h; path = RPFloatingPlaceholderTextField.h; sourceTree = "<group>"; };
		8ABA1C411CED5664001517FA /* RPFloatingPlaceholderTextField.m */ = {isa = PBXFileReference; fileEncoding = 4; lastKnownFileType = sourcecode.c.objc; path = RPFloatingPlaceholderTextField.m; sourceTree = "<group>"; };
		8ABA1C421CED5664001517FA /* RPFloatingPlaceholderTextView.h */ = {isa = PBXFileReference; fileEncoding = 4; lastKnownFileType = sourcecode.c.h; path = RPFloatingPlaceholderTextView.h; sourceTree = "<group>"; };
		8ABA1C431CED5664001517FA /* RPFloatingPlaceholderTextView.m */ = {isa = PBXFileReference; fileEncoding = 4; lastKnownFileType = sourcecode.c.objc; path = RPFloatingPlaceholderTextView.m; sourceTree = "<group>"; };
		8ABA1C4C1CED59D4001517FA /* MemoEditOrAddViewController.h */ = {isa = PBXFileReference; fileEncoding = 4; lastKnownFileType = sourcecode.c.h; path = MemoEditOrAddViewController.h; sourceTree = "<group>"; };
		8ABA1C4D1CED59D4001517FA /* MemoEditOrAddViewController.m */ = {isa = PBXFileReference; fileEncoding = 4; lastKnownFileType = sourcecode.c.objc; path = MemoEditOrAddViewController.m; sourceTree = "<group>"; };
		9316517C8CC5F8032EB14B25 /* libPods-QAMemo.a */ = {isa = PBXFileReference; explicitFileType = archive.ar; includeInIndex = 0; path = "libPods-QAMemo.a"; sourceTree = BUILT_PRODUCTS_DIR; };
/* End PBXFileReference section */

/* Begin PBXFrameworksBuildPhase section */
		8A92F33C1CEBDF4200F91EE0 /* Frameworks */ = {
			isa = PBXFrameworksBuildPhase;
			buildActionMask = 2147483647;
			files = (
				8A47CFB41CFC794B00BDFC58 /* CloudKit.framework in Frameworks */,
				C7D134DFF95B68A98512A0B0 /* libPods-QAMemo.a in Frameworks */,
			);
			runOnlyForDeploymentPostprocessing = 0;
		};
		8A92F35A1CEBECCD00F91EE0 /* Frameworks */ = {
			isa = PBXFrameworksBuildPhase;
			buildActionMask = 2147483647;
			files = (
				8A92F3601CEBECCD00F91EE0 /* NotificationCenter.framework in Frameworks */,
				CA64662996DA41AFCCD37511 /* libPods-QADemoTodayExtension.a in Frameworks */,
			);
			runOnlyForDeploymentPostprocessing = 0;
		};
/* End PBXFrameworksBuildPhase section */

/* Begin PBXGroup section */
		8A92F3361CEBDF4200F91EE0 = {
			isa = PBXGroup;
			children = (
				8A92F3411CEBDF4200F91EE0 /* QAMemo */,
				8A92F3611CEBECCD00F91EE0 /* QADemoTodayExtension */,
				8A92F35E1CEBECCD00F91EE0 /* Frameworks */,
				8A92F3401CEBDF4200F91EE0 /* Products */,
				C845DDC2008507BA963D842F /* Pods */,
			);
			sourceTree = "<group>";
		};
		8A92F3401CEBDF4200F91EE0 /* Products */ = {
			isa = PBXGroup;
			children = (
				8A92F33F1CEBDF4200F91EE0 /* QAMemo.app */,
				8A92F35D1CEBECCD00F91EE0 /* QADemoTodayExtension.appex */,
			);
			name = Products;
			sourceTree = "<group>";
		};
		8A92F3411CEBDF4200F91EE0 /* QAMemo */ = {
			isa = PBXGroup;
			children = (
				8A47CFB21CFC78EF00BDFC58 /* QAMemo.entitlements */,
				8ABA1C3E1CED5664001517FA /* RPFloatingPlaceholders */,
				8A92F3451CEBDF4200F91EE0 /* AppDelegate.h */,
				8A92F3461CEBDF4200F91EE0 /* AppDelegate.m */,
				8A92F3481CEBDF4200F91EE0 /* ViewController.h */,
				8A92F3491CEBDF4200F91EE0 /* ViewController.m */,
				8A92F34B1CEBDF4200F91EE0 /* Main.storyboard */,
				8A92F34E1CEBDF4200F91EE0 /* Assets.xcassets */,
				8A92F3501CEBDF4200F91EE0 /* LaunchScreen.storyboard */,
				8A92F3531CEBDF4200F91EE0 /* Info.plist */,
				8A92F3421CEBDF4200F91EE0 /* Supporting Files */,
				8ABA1C3B1CED389F001517FA /* MemoListTableViewCell.h */,
				8ABA1C3C1CED389F001517FA /* MemoListTableViewCell.m */,
				8ABA1C4C1CED59D4001517FA /* MemoEditOrAddViewController.h */,
				8ABA1C4D1CED59D4001517FA /* MemoEditOrAddViewController.m */,
				8A7DEC731CEE822C00483C48 /* FileManager.h */,
				8A7DEC741CEE822C00483C48 /* FileManager.m */,
			);
			path = QAMemo;
			sourceTree = "<group>";
		};
		8A92F3421CEBDF4200F91EE0 /* Supporting Files */ = {
			isa = PBXGroup;
			children = (
				8A92F3431CEBDF4200F91EE0 /* main.m */,
			);
			name = "Supporting Files";
			sourceTree = "<group>";
		};
		8A92F35E1CEBECCD00F91EE0 /* Frameworks */ = {
			isa = PBXGroup;
			children = (
				8A47CFB31CFC794B00BDFC58 /* CloudKit.framework */,
				8A92F35F1CEBECCD00F91EE0 /* NotificationCenter.framework */,
				4295815CBD247EC03C5FB173 /* libPods-QADemoTodayExtension.a */,
				9316517C8CC5F8032EB14B25 /* libPods-QAMemo.a */,
			);
			name = Frameworks;
			sourceTree = "<group>";
		};
		8A92F3611CEBECCD00F91EE0 /* QADemoTodayExtension */ = {
			isa = PBXGroup;
			children = (
				8A92F3621CEBECCD00F91EE0 /* TodayViewController.h */,
				8A92F3631CEBECCD00F91EE0 /* TodayViewController.m */,
				8A92F3651CEBECCD00F91EE0 /* MainInterface.storyboard */,
				8A92F3681CEBECCD00F91EE0 /* Info.plist */,
				8ABA1C371CEBFD97001517FA /* memo.plist */,
				8A72F8871CEF355E00CF50F7 /* TodayFileManager.h */,
				8A72F8881CEF355E00CF50F7 /* TodayFileManager.m */,
			);
			path = QADemoTodayExtension;
			sourceTree = "<group>";
		};
		8ABA1C3E1CED5664001517FA /* RPFloatingPlaceholders */ = {
			isa = PBXGroup;
			children = (
				8ABA1C3F1CED5664001517FA /* RPFloatingPlaceholderConstants.h */,
				8ABA1C401CED5664001517FA /* RPFloatingPlaceholderTextField.h */,
				8ABA1C411CED5664001517FA /* RPFloatingPlaceholderTextField.m */,
				8ABA1C421CED5664001517FA /* RPFloatingPlaceholderTextView.h */,
				8ABA1C431CED5664001517FA /* RPFloatingPlaceholderTextView.m */,
			);
			path = RPFloatingPlaceholders;
			sourceTree = "<group>";
		};
		C845DDC2008507BA963D842F /* Pods */ = {
			isa = PBXGroup;
			children = (
				74111108C078C84CC47CB746 /* Pods-QADemoTodayExtension.debug.xcconfig */,
				68FF27840401497E700F41DA /* Pods-QADemoTodayExtension.release.xcconfig */,
				052FE5563581C8D7787DFAE7 /* Pods-QAMemo.debug.xcconfig */,
				744771557799CB7805ABBBDA /* Pods-QAMemo.release.xcconfig */,
			);
			name = Pods;
			sourceTree = "<group>";
		};
/* End PBXGroup section */

/* Begin PBXNativeTarget section */
		8A92F33E1CEBDF4200F91EE0 /* QAMemo */ = {
			isa = PBXNativeTarget;
			buildConfigurationList = 8A92F3561CEBDF4200F91EE0 /* Build configuration list for PBXNativeTarget "QAMemo" */;
			buildPhases = (
				5D621E3C0DCFC9004969B43F /* 📦 Check Pods Manifest.lock */,
				8A92F33B1CEBDF4200F91EE0 /* Sources */,
				8A92F33C1CEBDF4200F91EE0 /* Frameworks */,
				8A92F33D1CEBDF4200F91EE0 /* Resources */,
				8A92F36F1CEBECCE00F91EE0 /* Embed App Extensions */,
				791938A8BACE95435E5AC587 /* 📦 Embed Pods Frameworks */,
				AC113648B4A5E3E140491BE2 /* 📦 Copy Pods Resources */,
			);
			buildRules = (
			);
			dependencies = (
				8A92F36A1CEBECCD00F91EE0 /* PBXTargetDependency */,
			);
			name = QAMemo;
			productName = QAMemo;
			productReference = 8A92F33F1CEBDF4200F91EE0 /* QAMemo.app */;
			productType = "com.apple.product-type.application";
		};
		8A92F35C1CEBECCD00F91EE0 /* QADemoTodayExtension */ = {
			isa = PBXNativeTarget;
			buildConfigurationList = 8A92F36C1CEBECCE00F91EE0 /* Build configuration list for PBXNativeTarget "QADemoTodayExtension" */;
			buildPhases = (
				E2526958FB751CF9759BB004 /* 📦 Check Pods Manifest.lock */,
				8A92F3591CEBECCD00F91EE0 /* Sources */,
				8A92F35A1CEBECCD00F91EE0 /* Frameworks */,
				8A92F35B1CEBECCD00F91EE0 /* Resources */,
				851424D9B01320BBCADED26C /* 📦 Embed Pods Frameworks */,
				8185BF0D37FBA4F56C19EBEA /* 📦 Copy Pods Resources */,
			);
			buildRules = (
			);
			dependencies = (
			);
			name = QADemoTodayExtension;
			productName = QADemoTodayExtension;
			productReference = 8A92F35D1CEBECCD00F91EE0 /* QADemoTodayExtension.appex */;
			productType = "com.apple.product-type.app-extension";
		};
/* End PBXNativeTarget section */

/* Begin PBXProject section */
		8A92F3371CEBDF4200F91EE0 /* Project object */ = {
			isa = PBXProject;
			attributes = {
				LastUpgradeCheck = 0730;
				ORGANIZATIONNAME = hourunjing;
				TargetAttributes = {
					8A92F33E1CEBDF4200F91EE0 = {
						CreatedOnToolsVersion = 7.3.1;
						DevelopmentTeam = DY7D45J8B9;
						SystemCapabilities = {
							com.apple.ApplicationGroups.iOS = {
								enabled = 0;
							};
							com.apple.iCloud = {
								enabled = 1;
							};
						};
					};
					8A92F35C1CEBECCD00F91EE0 = {
						CreatedOnToolsVersion = 7.3.1;
						DevelopmentTeam = DY7D45J8B9;
						SystemCapabilities = {
							com.apple.ApplicationGroups.iOS = {
								enabled = 0;
							};
						};
					};
				};
			};
			buildConfigurationList = 8A92F33A1CEBDF4200F91EE0 /* Build configuration list for PBXProject "QAMemo" */;
			compatibilityVersion = "Xcode 3.2";
			developmentRegion = English;
			hasScannedForEncodings = 0;
			knownRegions = (
				en,
				Base,
			);
			mainGroup = 8A92F3361CEBDF4200F91EE0;
			productRefGroup = 8A92F3401CEBDF4200F91EE0 /* Products */;
			projectDirPath = "";
			projectRoot = "";
			targets = (
				8A92F33E1CEBDF4200F91EE0 /* QAMemo */,
				8A92F35C1CEBECCD00F91EE0 /* QADemoTodayExtension */,
			);
		};
/* End PBXProject section */

/* Begin PBXResourcesBuildPhase section */
		8A92F33D1CEBDF4200F91EE0 /* Resources */ = {
			isa = PBXResourcesBuildPhase;
			buildActionMask = 2147483647;
			files = (
				8A92F3521CEBDF4200F91EE0 /* LaunchScreen.storyboard in Resources */,
				8A92F34F1CEBDF4200F91EE0 /* Assets.xcassets in Resources */,
				8A92F34D1CEBDF4200F91EE0 /* Main.storyboard in Resources */,
			);
			runOnlyForDeploymentPostprocessing = 0;
		};
		8A92F35B1CEBECCD00F91EE0 /* Resources */ = {
			isa = PBXResourcesBuildPhase;
			buildActionMask = 2147483647;
			files = (
				8ABA1C381CEBFD97001517FA /* memo.plist in Resources */,
				8A92F3671CEBECCD00F91EE0 /* MainInterface.storyboard in Resources */,
			);
			runOnlyForDeploymentPostprocessing = 0;
		};
/* End PBXResourcesBuildPhase section */

/* Begin PBXShellScriptBuildPhase section */
		5D621E3C0DCFC9004969B43F /* 📦 Check Pods Manifest.lock */ = {
			isa = PBXShellScriptBuildPhase;
			buildActionMask = 2147483647;
			files = (
			);
			inputPaths = (
			);
			name = "📦 Check Pods Manifest.lock";
			outputPaths = (
			);
			runOnlyForDeploymentPostprocessing = 0;
			shellPath = /bin/sh;
			shellScript = "diff \"${PODS_ROOT}/../Podfile.lock\" \"${PODS_ROOT}/Manifest.lock\" > /dev/null\nif [[ $? != 0 ]] ; then\n    cat << EOM\nerror: The sandbox is not in sync with the Podfile.lock. Run 'pod install' or update your CocoaPods installation.\nEOM\n    exit 1\nfi\n";
			showEnvVarsInLog = 0;
		};
		791938A8BACE95435E5AC587 /* 📦 Embed Pods Frameworks */ = {
			isa = PBXShellScriptBuildPhase;
			buildActionMask = 2147483647;
			files = (
			);
			inputPaths = (
			);
			name = "📦 Embed Pods Frameworks";
			outputPaths = (
			);
			runOnlyForDeploymentPostprocessing = 0;
			shellPath = /bin/sh;
			shellScript = "\"${SRCROOT}/Pods/Target Support Files/Pods-QAMemo/Pods-QAMemo-frameworks.sh\"\n";
			showEnvVarsInLog = 0;
		};
		8185BF0D37FBA4F56C19EBEA /* 📦 Copy Pods Resources */ = {
			isa = PBXShellScriptBuildPhase;
			buildActionMask = 2147483647;
			files = (
			);
			inputPaths = (
			);
			name = "📦 Copy Pods Resources";
			outputPaths = (
			);
			runOnlyForDeploymentPostprocessing = 0;
			shellPath = /bin/sh;
			shellScript = "\"${SRCROOT}/Pods/Target Support Files/Pods-QADemoTodayExtension/Pods-QADemoTodayExtension-resources.sh\"\n";
			showEnvVarsInLog = 0;
		};
		851424D9B01320BBCADED26C /* 📦 Embed Pods Frameworks */ = {
			isa = PBXShellScriptBuildPhase;
			buildActionMask = 2147483647;
			files = (
			);
			inputPaths = (
			);
			name = "📦 Embed Pods Frameworks";
			outputPaths = (
			);
			runOnlyForDeploymentPostprocessing = 0;
			shellPath = /bin/sh;
			shellScript = "\"${SRCROOT}/Pods/Target Support Files/Pods-QADemoTodayExtension/Pods-QADemoTodayExtension-frameworks.sh\"\n";
			showEnvVarsInLog = 0;
		};
		AC113648B4A5E3E140491BE2 /* 📦 Copy Pods Resources */ = {
			isa = PBXShellScriptBuildPhase;
			buildActionMask = 2147483647;
			files = (
			);
			inputPaths = (
			);
			name = "📦 Copy Pods Resources";
			outputPaths = (
			);
			runOnlyForDeploymentPostprocessing = 0;
			shellPath = /bin/sh;
			shellScript = "\"${SRCROOT}/Pods/Target Support Files/Pods-QAMemo/Pods-QAMemo-resources.sh\"\n";
			showEnvVarsInLog = 0;
		};
		E2526958FB751CF9759BB004 /* 📦 Check Pods Manifest.lock */ = {
			isa = PBXShellScriptBuildPhase;
			buildActionMask = 2147483647;
			files = (
			);
			inputPaths = (
			);
			name = "📦 Check Pods Manifest.lock";
			outputPaths = (
			);
			runOnlyForDeploymentPostprocessing = 0;
			shellPath = /bin/sh;
			shellScript = "diff \"${PODS_ROOT}/../Podfile.lock\" \"${PODS_ROOT}/Manifest.lock\" > /dev/null\nif [[ $? != 0 ]] ; then\n    cat << EOM\nerror: The sandbox is not in sync with the Podfile.lock. Run 'pod install' or update your CocoaPods installation.\nEOM\n    exit 1\nfi\n";
			showEnvVarsInLog = 0;
		};
/* End PBXShellScriptBuildPhase section */

/* Begin PBXSourcesBuildPhase section */
		8A92F33B1CEBDF4200F91EE0 /* Sources */ = {
			isa = PBXSourcesBuildPhase;
			buildActionMask = 2147483647;
			files = (
				8ABA1C4E1CED59D4001517FA /* MemoEditOrAddViewController.m in Sources */,
				8A92F34A1CEBDF4200F91EE0 /* ViewController.m in Sources */,
				8A92F3471CEBDF4200F91EE0 /* AppDelegate.m in Sources */,
				8A7DEC751CEE822C00483C48 /* FileManager.m in Sources */,
				8A92F3441CEBDF4200F91EE0 /* main.m in Sources */,
				8ABA1C3D1CED389F001517FA /* MemoListTableViewCell.m in Sources */,
				8ABA1C441CED5664001517FA /* RPFloatingPlaceholderTextField.m in Sources */,
				8ABA1C451CED5664001517FA /* RPFloatingPlaceholderTextView.m in Sources */,
			);
			runOnlyForDeploymentPostprocessing = 0;
		};
		8A92F3591CEBECCD00F91EE0 /* Sources */ = {
			isa = PBXSourcesBuildPhase;
			buildActionMask = 2147483647;
			files = (
				8A92F3641CEBECCD00F91EE0 /* TodayViewController.m in Sources */,
				8A72F8891CEF355E00CF50F7 /* TodayFileManager.m in Sources */,
			);
			runOnlyForDeploymentPostprocessing = 0;
		};
/* End PBXSourcesBuildPhase section */

/* Begin PBXTargetDependency section */
		8A92F36A1CEBECCD00F91EE0 /* PBXTargetDependency */ = {
			isa = PBXTargetDependency;
			target = 8A92F35C1CEBECCD00F91EE0 /* QADemoTodayExtension */;
			targetProxy = 8A92F3691CEBECCD00F91EE0 /* PBXContainerItemProxy */;
		};
/* End PBXTargetDependency section */

/* Begin PBXVariantGroup section */
		8A92F34B1CEBDF4200F91EE0 /* Main.storyboard */ = {
			isa = PBXVariantGroup;
			children = (
				8A92F34C1CEBDF4200F91EE0 /* Base */,
			);
			name = Main.storyboard;
			sourceTree = "<group>";
		};
		8A92F3501CEBDF4200F91EE0 /* LaunchScreen.storyboard */ = {
			isa = PBXVariantGroup;
			children = (
				8A92F3511CEBDF4200F91EE0 /* Base */,
			);
			name = LaunchScreen.storyboard;
			sourceTree = "<group>";
		};
		8A92F3651CEBECCD00F91EE0 /* MainInterface.storyboard */ = {
			isa = PBXVariantGroup;
			children = (
				8A92F3661CEBECCD00F91EE0 /* Base */,
			);
			name = MainInterface.storyboard;
			sourceTree = "<group>";
		};
/* End PBXVariantGroup section */

/* Begin XCBuildConfiguration section */
		8A92F3541CEBDF4200F91EE0 /* Debug */ = {
			isa = XCBuildConfiguration;
			buildSettings = {
				ALWAYS_SEARCH_USER_PATHS = NO;
				CLANG_ANALYZER_NONNULL = YES;
				CLANG_CXX_LANGUAGE_STANDARD = "gnu++0x";
				CLANG_CXX_LIBRARY = "libc++";
				CLANG_ENABLE_MODULES = YES;
				CLANG_ENABLE_OBJC_ARC = YES;
				CLANG_WARN_BOOL_CONVERSION = YES;
				CLANG_WARN_CONSTANT_CONVERSION = YES;
				CLANG_WARN_DIRECT_OBJC_ISA_USAGE = YES_ERROR;
				CLANG_WARN_EMPTY_BODY = YES;
				CLANG_WARN_ENUM_CONVERSION = YES;
				CLANG_WARN_INT_CONVERSION = YES;
				CLANG_WARN_OBJC_ROOT_CLASS = YES_ERROR;
				CLANG_WARN_UNREACHABLE_CODE = YES;
				CLANG_WARN__DUPLICATE_METHOD_MATCH = YES;
				"CODE_SIGN_IDENTITY[sdk=iphoneos*]" = "iPhone Developer";
				COPY_PHASE_STRIP = NO;
				DEBUG_INFORMATION_FORMAT = dwarf;
				ENABLE_STRICT_OBJC_MSGSEND = YES;
				ENABLE_TESTABILITY = YES;
				GCC_C_LANGUAGE_STANDARD = gnu99;
				GCC_DYNAMIC_NO_PIC = NO;
				GCC_NO_COMMON_BLOCKS = YES;
				GCC_OPTIMIZATION_LEVEL = 0;
				GCC_PREPROCESSOR_DEFINITIONS = (
					"DEBUG=1",
					"$(inherited)",
				);
				GCC_WARN_64_TO_32_BIT_CONVERSION = YES;
				GCC_WARN_ABOUT_RETURN_TYPE = YES_ERROR;
				GCC_WARN_UNDECLARED_SELECTOR = YES;
				GCC_WARN_UNINITIALIZED_AUTOS = YES_AGGRESSIVE;
				GCC_WARN_UNUSED_FUNCTION = YES;
				GCC_WARN_UNUSED_VARIABLE = YES;
				IPHONEOS_DEPLOYMENT_TARGET = 9.3;
				MTL_ENABLE_DEBUG_INFO = YES;
				ONLY_ACTIVE_ARCH = YES;
				SDKROOT = iphoneos;
			};
			name = Debug;
		};
		8A92F3551CEBDF4200F91EE0 /* Release */ = {
			isa = XCBuildConfiguration;
			buildSettings = {
				ALWAYS_SEARCH_USER_PATHS = NO;
				CLANG_ANALYZER_NONNULL = YES;
				CLANG_CXX_LANGUAGE_STANDARD = "gnu++0x";
				CLANG_CXX_LIBRARY = "libc++";
				CLANG_ENABLE_MODULES = YES;
				CLANG_ENABLE_OBJC_ARC = YES;
				CLANG_WARN_BOOL_CONVERSION = YES;
				CLANG_WARN_CONSTANT_CONVERSION = YES;
				CLANG_WARN_DIRECT_OBJC_ISA_USAGE = YES_ERROR;
				CLANG_WARN_EMPTY_BODY = YES;
				CLANG_WARN_ENUM_CONVERSION = YES;
				CLANG_WARN_INT_CONVERSION = YES;
				CLANG_WARN_OBJC_ROOT_CLASS = YES_ERROR;
				CLANG_WARN_UNREACHABLE_CODE = YES;
				CLANG_WARN__DUPLICATE_METHOD_MATCH = YES;
				"CODE_SIGN_IDENTITY[sdk=iphoneos*]" = "iPhone Developer";
				COPY_PHASE_STRIP = NO;
				DEBUG_INFORMATION_FORMAT = "dwarf-with-dsym";
				ENABLE_NS_ASSERTIONS = NO;
				ENABLE_STRICT_OBJC_MSGSEND = YES;
				GCC_C_LANGUAGE_STANDARD = gnu99;
				GCC_NO_COMMON_BLOCKS = YES;
				GCC_WARN_64_TO_32_BIT_CONVERSION = YES;
				GCC_WARN_ABOUT_RETURN_TYPE = YES_ERROR;
				GCC_WARN_UNDECLARED_SELECTOR = YES;
				GCC_WARN_UNINITIALIZED_AUTOS = YES_AGGRESSIVE;
				GCC_WARN_UNUSED_FUNCTION = YES;
				GCC_WARN_UNUSED_VARIABLE = YES;
				IPHONEOS_DEPLOYMENT_TARGET = 9.3;
				MTL_ENABLE_DEBUG_INFO = NO;
				SDKROOT = iphoneos;
				VALIDATE_PRODUCT = YES;
			};
			name = Release;
		};
		8A92F3571CEBDF4200F91EE0 /* Debug */ = {
			isa = XCBuildConfiguration;
			baseConfigurationReference = 052FE5563581C8D7787DFAE7 /* Pods-QAMemo.debug.xcconfig */;
			buildSettings = {
				ASSETCATALOG_COMPILER_APPICON_NAME = AppIcon;
				CODE_SIGN_ENTITLEMENTS = QAMemo/QAMemo.entitlements;
				CODE_SIGN_IDENTITY = "iPhone Developer";
				"CODE_SIGN_IDENTITY[sdk=iphoneos*]" = "iPhone Developer";
				INFOPLIST_FILE = QAMemo/Info.plist;
				LD_RUNPATH_SEARCH_PATHS = "$(inherited) @executable_path/Frameworks";
				PRODUCT_BUNDLE_IDENTIFIER = com.hbzsios.QAMemo;
				PRODUCT_NAME = "$(TARGET_NAME)";
				PROVISIONING_PROFILE = "";
			};
			name = Debug;
		};
		8A92F3581CEBDF4200F91EE0 /* Release */ = {
			isa = XCBuildConfiguration;
			baseConfigurationReference = 744771557799CB7805ABBBDA /* Pods-QAMemo.release.xcconfig */;
			buildSettings = {
				ASSETCATALOG_COMPILER_APPICON_NAME = AppIcon;
				CODE_SIGN_ENTITLEMENTS = QAMemo/QAMemo.entitlements;
				CODE_SIGN_IDENTITY = "iPhone Developer";
				"CODE_SIGN_IDENTITY[sdk=iphoneos*]" = "iPhone Developer";
				INFOPLIST_FILE = QAMemo/Info.plist;
				LD_RUNPATH_SEARCH_PATHS = "$(inherited) @executable_path/Frameworks";
				PRODUCT_BUNDLE_IDENTIFIER = com.hbzsios.QAMemo;
				PRODUCT_NAME = "$(TARGET_NAME)";
				PROVISIONING_PROFILE = "";
			};
			name = Release;
		};
		8A92F36D1CEBECCE00F91EE0 /* Debug */ = {
			isa = XCBuildConfiguration;
			baseConfigurationReference = 74111108C078C84CC47CB746 /* Pods-QADemoTodayExtension.debug.xcconfig */;
			buildSettings = {
				CODE_SIGN_IDENTITY = "iPhone Developer";
				"CODE_SIGN_IDENTITY[sdk=iphoneos*]" = "iPhone Developer";
				INFOPLIST_FILE = QADemoTodayExtension/Info.plist;
				LD_RUNPATH_SEARCH_PATHS = "$(inherited) @executable_path/Frameworks @executable_path/../../Frameworks";
				PRODUCT_BUNDLE_IDENTIFIER = com.hbzsios.QAMemo.QADemoTodayExtension;
				PRODUCT_NAME = "$(TARGET_NAME)";
				PROVISIONING_PROFILE = "";
				SKIP_INSTALL = YES;
			};
			name = Debug;
		};
		8A92F36E1CEBECCE00F91EE0 /* Release */ = {
			isa = XCBuildConfiguration;
			baseConfigurationReference = 68FF27840401497E700F41DA /* Pods-QADemoTodayExtension.release.xcconfig */;
			buildSettings = {
				CODE_SIGN_IDENTITY = "iPhone Developer";
				"CODE_SIGN_IDENTITY[sdk=iphoneos*]" = "iPhone Developer";
				INFOPLIST_FILE = QADemoTodayExtension/Info.plist;
				LD_RUNPATH_SEARCH_PATHS = "$(inherited) @executable_path/Frameworks @executable_path/../../Frameworks";
				PRODUCT_BUNDLE_IDENTIFIER = com.hbzsios.QAMemo.QADemoTodayExtension;
				PRODUCT_NAME = "$(TARGET_NAME)";
				PROVISIONING_PROFILE = "";
				SKIP_INSTALL = YES;
			};
			name = Release;
		};
/* End XCBuildConfiguration section */

/* Begin XCConfigurationList section */
		8A92F33A1CEBDF4200F91EE0 /* Build configuration list for PBXProject "QAMemo" */ = {
			isa = XCConfigurationList;
			buildConfigurations = (
				8A92F3541CEBDF4200F91EE0 /* Debug */,
				8A92F3551CEBDF4200F91EE0 /* Release */,
			);
			defaultConfigurationIsVisible = 0;
			defaultConfigurationName = Release;
		};
		8A92F3561CEBDF4200F91EE0 /* Build configuration list for PBXNativeTarget "QAMemo" */ = {
			isa = XCConfigurationList;
			buildConfigurations = (
				8A92F3571CEBDF4200F91EE0 /* Debug */,
				8A92F3581CEBDF4200F91EE0 /* Release */,
			);
			defaultConfigurationIsVisible = 0;
			defaultConfigurationName = Release;
		};
		8A92F36C1CEBECCE00F91EE0 /* Build configuration list for PBXNativeTarget "QADemoTodayExtension" */ = {
			isa = XCConfigurationList;
			buildConfigurations = (
				8A92F36D1CEBECCE00F91EE0 /* Debug */,
				8A92F36E1CEBECCE00F91EE0 /* Release */,
			);
			defaultConfigurationIsVisible = 0;
			defaultConfigurationName = Release;
		};
/* End XCConfigurationList section */
	};
	rootObject = 8A92F3371CEBDF4200F91EE0 /* Project object */;
}
